{
  "object": {
    "pins": [
      {
        "package": "NDPhotoPickerUtility",
        "repositoryURL": "https://github.com/neone/NDPhotoPickerUtility.git",
        "state": {
          "branch": "main",
          "revision": "20e83e83a4cfea78671dadb2533d9a32d3b80adb",
          "version": null
        }
      }
    ]
  },
  "version": 1
}
