{
  "object": {
    "pins": [
      {
        "package": "NDPhotoPickerUtility",
        "repositoryURL": "https://github.com/neone/NDPhotoPickerUtility.git",
        "state": {
          "branch": "main",
          "revision": "1762d1525513d53e4ec7389337475059374ff642",
          "version": null
        }
      }
    ]
  },
  "version": 1
}
